
Microsoft Visual Studio Solution File, Format Version 12.00
# Visual Studio Version 17
VisualStudioVersion = 17.13.35825.156
MinimumVisualStudioVersion = 10.0.40219.1
Project("{FAE04EC0-301F-11D3-BF4B-00C04F79EFBC}") = "ConsoleApp1", "D:\Csharp\ConsoleApp1\ConsoleApp1\ConsoleApp1.csproj", "{BD366B15-6169-4385-B5CF-A128703315C5}"
EndProject
Project("{FAE04EC0-301F-11D3-BF4B-00C04F79EFBC}") = "LS2", "D:\Csharp\ConsoleApp1\LS2\LS2.csproj", "{1C26CEA0-F098-4D2E-A2D1-4A61570D3B72}"
EndProject
Project("{FAE04EC0-301F-11D3-BF4B-00C04F79EFBC}") = "LS3", "D:\Csharp\ConsoleApp1\LS3\LS3.csproj", "{99BBD73A-1F87-40EF-97BE-FABE986D35BE}"
EndProject
Project("{FAE04EC0-301F-11D3-BF4B-00C04F79EFBC}") = "LS4", "D:\Csharp\ConsoleApp1\LS4\LS4.csproj", "{07444408-D805-466D-A34C-537B8A8E548F}"
EndProject
Project("{FAE04EC0-301F-11D3-BF4B-00C04F79EFBC}") = "LS5", "D:\Csharp\ConsoleApp1\LS5\LS5.csproj", "{D7E70E48-D0A7-4036-8AFF-58A99113087F}"
EndProject
Project("{FAE04EC0-301F-11D3-BF4B-00C04F79EFBC}") = "LS6", "D:\Csharp\ConsoleApp1\LS6\LS6.csproj", "{461C11A4-08AB-4E82-931E-925861F37CCC}"
EndProject
Project("{FAE04EC0-301F-11D3-BF4B-00C04F79EFBC}") = "LS7", "D:\Csharp\ConsoleApp1\LS7\LS7.csproj", "{44D44515-2708-4269-9CA2-A132DAA6378F}"
EndProject
Project("{FAE04EC0-301F-11D3-BF4B-00C04F79EFBC}") = "LS8", "D:\Csharp\ConsoleApp1\LS8\LS8.csproj", "{D5763477-E7B9-40E5-8405-9767FD1CE26D}"
EndProject
Project("{FAE04EC0-301F-11D3-BF4B-00C04F79EFBC}") = "LS9", "LS9\LS9.csproj", "{62F8F865-9851-4EFF-87FD-1CD3F2CA7936}"
EndProject
Project("{FAE04EC0-301F-11D3-BF4B-00C04F79EFBC}") = "LS10", "LS10\LS10.csproj", "{D87EE675-8F60-4C03-9699-4C4B38C0D2A7}"
EndProject
Project("{FAE04EC0-301F-11D3-BF4B-00C04F79EFBC}") = "T1", "T1\T1.csproj", "{79E7414F-54D6-4F9D-9D78-55DA7D04EBE2}"
EndProject
Project("{FAE04EC0-301F-11D3-BF4B-00C04F79EFBC}") = "T11", "T11\T11.csproj", "{F3D9ED5B-4DB1-4C94-AD71-4CE7E4C4BE26}"
EndProject
Project("{FAE04EC0-301F-11D3-BF4B-00C04F79EFBC}") = "T2", "T2\T2.csproj", "{8BDCA8C5-5685-471C-921D-506162AACF91}"
EndProject
Project("{FAE04EC0-301F-11D3-BF4B-00C04F79EFBC}") = "T3", "T3\T3.csproj", "{98B6C59D-91E9-48B1-980F-D50A6B827CF5}"
EndProject
Project("{FAE04EC0-301F-11D3-BF4B-00C04F79EFBC}") = "S2_1", "S2_1\S2_1.csproj", "{1B9070ED-1703-4D6A-802B-EC61F10B4D4A}"
EndProject
Project("{FAE04EC0-301F-11D3-BF4B-00C04F79EFBC}") = "S2_2", "S2_2\S2_2.csproj", "{74F05C93-B4CD-4F5F-B808-CC3C1F1859B7}"
EndProject
Project("{FAE04EC0-301F-11D3-BF4B-00C04F79EFBC}") = "S2_3", "S2_3\S2_3.csproj", "{3B3086DB-66C3-4131-8369-464201A3247C}"
EndProject
Project("{FAE04EC0-301F-11D3-BF4B-00C04F79EFBC}") = "S2_4", "S2_4\S2_4.csproj", "{9DAE7BDC-BF8D-454B-BB52-A98B6805E01E}"
EndProject
Project("{FAE04EC0-301F-11D3-BF4B-00C04F79EFBC}") = "S2_5", "S2_5\S2_5.csproj", "{60D22664-E9DC-4F08-AE6A-67CB2817D5EF}"
EndProject
Project("{FAE04EC0-301F-11D3-BF4B-00C04F79EFBC}") = "S2_6", "S2_6\S2_6.csproj", "{37129CA2-834A-4CD1-B203-2DF7EDAC8861}"
EndProject
Project("{FAE04EC0-301F-11D3-BF4B-00C04F79EFBC}") = "S2_7", "S2_7\S2_7.csproj", "{380FDEF2-7630-4CFB-A42D-031227720850}"
EndProject
Project("{FAE04EC0-301F-11D3-BF4B-00C04F79EFBC}") = "S2_8", "S2_8\S2_8.csproj", "{6D951C76-E03E-496F-BF17-09D29D9B09A2}"
EndProject
Project("{FAE04EC0-301F-11D3-BF4B-00C04F79EFBC}") = "S2_9", "S2_9\S2_9.csproj", "{26D68484-A2DB-4632-B00A-F05D9565DD93}"
EndProject
Project("{FAE04EC0-301F-11D3-BF4B-00C04F79EFBC}") = "S2_10", "S2_10\S2_10.csproj", "{0A506A43-69E5-49CD-AB56-1ED146934092}"
EndProject
Project("{FAE04EC0-301F-11D3-BF4B-00C04F79EFBC}") = "S2_11", "S2_11\S2_11.csproj", "{10E7771F-7750-4B72-A7DB-22A9B3CDE0F7}"
EndProject
Project("{FAE04EC0-301F-11D3-BF4B-00C04F79EFBC}") = "S2_12", "S2_12\S2_12.csproj", "{E166CB7D-6B12-4678-9670-D83DB2662B4B}"
EndProject
Project("{FAE04EC0-301F-11D3-BF4B-00C04F79EFBC}") = "S2_13", "S2_13\S2_13.csproj", "{3369D73E-CCE1-4130-84CD-B62D85EA756E}"
EndProject
Project("{FAE04EC0-301F-11D3-BF4B-00C04F79EFBC}") = "S2_14", "S2_14\S2_14.csproj", "{7A263AD4-8945-46C6-A2CC-AF063D191FB1}"
EndProject
Project("{FAE04EC0-301F-11D3-BF4B-00C04F79EFBC}") = "S3_1", "S3_1\S3_1.csproj", "{7406F16E-87ED-429A-B507-0673B4A138E4}"
EndProject
Project("{FAE04EC0-301F-11D3-BF4B-00C04F79EFBC}") = "S3_2", "S3_2\S3_2.csproj", "{8CFB8051-B700-4406-86B5-7E3E47B1B512}"
EndProject
Project("{FAE04EC0-301F-11D3-BF4B-00C04F79EFBC}") = "S3_3", "S3_3\S3_3.csproj", "{4994C93E-33FF-429C-80C3-DCAE2154E684}"
EndProject
Project("{FAE04EC0-301F-11D3-BF4B-00C04F79EFBC}") = "S3_4", "S3_4\S3_4.csproj", "{24F98DB0-FA49-4951-B0F4-CEC2CC198A9D}"
EndProject
Project("{FAE04EC0-301F-11D3-BF4B-00C04F79EFBC}") = "S3_5", "S3_5\S3_5.csproj", "{BFCB728E-CAD3-42D9-88E5-F65798999FFF}"
EndProject
Project("{FAE04EC0-301F-11D3-BF4B-00C04F79EFBC}") = "S3_6", "S3_6\S3_6.csproj", "{39504A42-F527-4419-BFD3-4751ACEB787D}"
EndProject
Project("{FAE04EC0-301F-11D3-BF4B-00C04F79EFBC}") = "S3_7", "S3_7\S3_7.csproj", "{C9858106-433A-4D05-954C-698392B5CD8F}"
EndProject
Project("{FAE04EC0-301F-11D3-BF4B-00C04F79EFBC}") = "S3_8", "S3_8\S3_8.csproj", "{C7C5D2A6-3E92-4C85-B7B6-A220DF65F4D4}"
EndProject
Project("{FAE04EC0-301F-11D3-BF4B-00C04F79EFBC}") = "S3_9", "S3_9\S3_9.csproj", "{C3761F67-DE19-469A-821C-608F0745EF26}"
EndProject
Project("{FAE04EC0-301F-11D3-BF4B-00C04F79EFBC}") = "S3_10", "S3_10\S3_10.csproj", "{646CBC04-CB1A-44C2-B09D-59D9F3724088}"
EndProject
Project("{FAE04EC0-301F-11D3-BF4B-00C04F79EFBC}") = "S3_11", "S3_11\S3_11.csproj", "{9238436F-7D40-4FE0-8BB1-5F8CAB0F1FA8}"
EndProject
Project("{FAE04EC0-301F-11D3-BF4B-00C04F79EFBC}") = "S3_12", "S3_12\S3_12.csproj", "{711E9E93-B465-429E-B0BA-B5100C43F5F3}"
EndProject
Project("{FAE04EC0-301F-11D3-BF4B-00C04F79EFBC}") = "S3_13", "S3_13\S3_13.csproj", "{0038B220-4559-401D-87B4-0FB02660FCBE}"
EndProject
Project("{FAE04EC0-301F-11D3-BF4B-00C04F79EFBC}") = "S3_14", "S3_14\S3_14.csproj", "{12CA355F-42FF-4B4B-9C60-B9DB3C733C93}"
EndProject
Project("{FAE04EC0-301F-11D3-BF4B-00C04F79EFBC}") = "S3_15", "S3_15\S3_15.csproj", "{C09FD984-8968-420D-981B-E1C21D8C7175}"
EndProject
Global
	GlobalSection(SolutionConfigurationPlatforms) = preSolution
		Debug|Any CPU = Debug|Any CPU
		Release|Any CPU = Release|Any CPU
	EndGlobalSection
	GlobalSection(ProjectConfigurationPlatforms) = postSolution
		{BD366B15-6169-4385-B5CF-A128703315C5}.Debug|Any CPU.ActiveCfg = Debug|Any CPU
		{BD366B15-6169-4385-B5CF-A128703315C5}.Debug|Any CPU.Build.0 = Debug|Any CPU
		{BD366B15-6169-4385-B5CF-A128703315C5}.Release|Any CPU.ActiveCfg = Release|Any CPU
		{BD366B15-6169-4385-B5CF-A128703315C5}.Release|Any CPU.Build.0 = Release|Any CPU
		{1C26CEA0-F098-4D2E-A2D1-4A61570D3B72}.Debug|Any CPU.ActiveCfg = Debug|Any CPU
		{1C26CEA0-F098-4D2E-A2D1-4A61570D3B72}.Debug|Any CPU.Build.0 = Debug|Any CPU
		{1C26CEA0-F098-4D2E-A2D1-4A61570D3B72}.Release|Any CPU.ActiveCfg = Release|Any CPU
		{1C26CEA0-F098-4D2E-A2D1-4A61570D3B72}.Release|Any CPU.Build.0 = Release|Any CPU
		{99BBD73A-1F87-40EF-97BE-FABE986D35BE}.Debug|Any CPU.ActiveCfg = Debug|Any CPU
		{99BBD73A-1F87-40EF-97BE-FABE986D35BE}.Debug|Any CPU.Build.0 = Debug|Any CPU
		{99BBD73A-1F87-40EF-97BE-FABE986D35BE}.Release|Any CPU.ActiveCfg = Release|Any CPU
		{99BBD73A-1F87-40EF-97BE-FABE986D35BE}.Release|Any CPU.Build.0 = Release|Any CPU
		{07444408-D805-466D-A34C-537B8A8E548F}.Debug|Any CPU.ActiveCfg = Debug|Any CPU
		{07444408-D805-466D-A34C-537B8A8E548F}.Debug|Any CPU.Build.0 = Debug|Any CPU
		{07444408-D805-466D-A34C-537B8A8E548F}.Release|Any CPU.ActiveCfg = Release|Any CPU
		{07444408-D805-466D-A34C-537B8A8E548F}.Release|Any CPU.Build.0 = Release|Any CPU
		{D7E70E48-D0A7-4036-8AFF-58A99113087F}.Debug|Any CPU.ActiveCfg = Debug|Any CPU
		{D7E70E48-D0A7-4036-8AFF-58A99113087F}.Debug|Any CPU.Build.0 = Debug|Any CPU
		{D7E70E48-D0A7-4036-8AFF-58A99113087F}.Release|Any CPU.ActiveCfg = Release|Any CPU
		{D7E70E48-D0A7-4036-8AFF-58A99113087F}.Release|Any CPU.Build.0 = Release|Any CPU
		{461C11A4-08AB-4E82-931E-925861F37CCC}.Debug|Any CPU.ActiveCfg = Debug|Any CPU
		{461C11A4-08AB-4E82-931E-925861F37CCC}.Debug|Any CPU.Build.0 = Debug|Any CPU
		{461C11A4-08AB-4E82-931E-925861F37CCC}.Release|Any CPU.ActiveCfg = Release|Any CPU
		{461C11A4-08AB-4E82-931E-925861F37CCC}.Release|Any CPU.Build.0 = Release|Any CPU
		{44D44515-2708-4269-9CA2-A132DAA6378F}.Debug|Any CPU.ActiveCfg = Debug|Any CPU
		{44D44515-2708-4269-9CA2-A132DAA6378F}.Debug|Any CPU.Build.0 = Debug|Any CPU
		{44D44515-2708-4269-9CA2-A132DAA6378F}.Release|Any CPU.ActiveCfg = Release|Any CPU
		{44D44515-2708-4269-9CA2-A132DAA6378F}.Release|Any CPU.Build.0 = Release|Any CPU
		{D5763477-E7B9-40E5-8405-9767FD1CE26D}.Debug|Any CPU.ActiveCfg = Debug|Any CPU
		{D5763477-E7B9-40E5-8405-9767FD1CE26D}.Debug|Any CPU.Build.0 = Debug|Any CPU
		{D5763477-E7B9-40E5-8405-9767FD1CE26D}.Release|Any CPU.ActiveCfg = Release|Any CPU
		{D5763477-E7B9-40E5-8405-9767FD1CE26D}.Release|Any CPU.Build.0 = Release|Any CPU
		{62F8F865-9851-4EFF-87FD-1CD3F2CA7936}.Debug|Any CPU.ActiveCfg = Debug|Any CPU
		{62F8F865-9851-4EFF-87FD-1CD3F2CA7936}.Debug|Any CPU.Build.0 = Debug|Any CPU
		{62F8F865-9851-4EFF-87FD-1CD3F2CA7936}.Release|Any CPU.ActiveCfg = Release|Any CPU
		{62F8F865-9851-4EFF-87FD-1CD3F2CA7936}.Release|Any CPU.Build.0 = Release|Any CPU
		{D87EE675-8F60-4C03-9699-4C4B38C0D2A7}.Debug|Any CPU.ActiveCfg = Debug|Any CPU
		{D87EE675-8F60-4C03-9699-4C4B38C0D2A7}.Debug|Any CPU.Build.0 = Debug|Any CPU
		{D87EE675-8F60-4C03-9699-4C4B38C0D2A7}.Release|Any CPU.ActiveCfg = Release|Any CPU
		{D87EE675-8F60-4C03-9699-4C4B38C0D2A7}.Release|Any CPU.Build.0 = Release|Any CPU
		{79E7414F-54D6-4F9D-9D78-55DA7D04EBE2}.Debug|Any CPU.ActiveCfg = Debug|Any CPU
		{79E7414F-54D6-4F9D-9D78-55DA7D04EBE2}.Debug|Any CPU.Build.0 = Debug|Any CPU
		{79E7414F-54D6-4F9D-9D78-55DA7D04EBE2}.Release|Any CPU.ActiveCfg = Release|Any CPU
		{79E7414F-54D6-4F9D-9D78-55DA7D04EBE2}.Release|Any CPU.Build.0 = Release|Any CPU
		{F3D9ED5B-4DB1-4C94-AD71-4CE7E4C4BE26}.Debug|Any CPU.ActiveCfg = Debug|Any CPU
		{F3D9ED5B-4DB1-4C94-AD71-4CE7E4C4BE26}.Debug|Any CPU.Build.0 = Debug|Any CPU
		{F3D9ED5B-4DB1-4C94-AD71-4CE7E4C4BE26}.Release|Any CPU.ActiveCfg = Release|Any CPU
		{F3D9ED5B-4DB1-4C94-AD71-4CE7E4C4BE26}.Release|Any CPU.Build.0 = Release|Any CPU
		{8BDCA8C5-5685-471C-921D-506162AACF91}.Debug|Any CPU.ActiveCfg = Debug|Any CPU
		{8BDCA8C5-5685-471C-921D-506162AACF91}.Debug|Any CPU.Build.0 = Debug|Any CPU
		{8BDCA8C5-5685-471C-921D-506162AACF91}.Release|Any CPU.ActiveCfg = Release|Any CPU
		{8BDCA8C5-5685-471C-921D-506162AACF91}.Release|Any CPU.Build.0 = Release|Any CPU
		{98B6C59D-91E9-48B1-980F-D50A6B827CF5}.Debug|Any CPU.ActiveCfg = Debug|Any CPU
		{98B6C59D-91E9-48B1-980F-D50A6B827CF5}.Debug|Any CPU.Build.0 = Debug|Any CPU
		{98B6C59D-91E9-48B1-980F-D50A6B827CF5}.Release|Any CPU.ActiveCfg = Release|Any CPU
		{98B6C59D-91E9-48B1-980F-D50A6B827CF5}.Release|Any CPU.Build.0 = Release|Any CPU
		{1B9070ED-1703-4D6A-802B-EC61F10B4D4A}.Debug|Any CPU.ActiveCfg = Debug|Any CPU
		{1B9070ED-1703-4D6A-802B-EC61F10B4D4A}.Debug|Any CPU.Build.0 = Debug|Any CPU
		{1B9070ED-1703-4D6A-802B-EC61F10B4D4A}.Release|Any CPU.ActiveCfg = Release|Any CPU
		{1B9070ED-1703-4D6A-802B-EC61F10B4D4A}.Release|Any CPU.Build.0 = Release|Any CPU
		{74F05C93-B4CD-4F5F-B808-CC3C1F1859B7}.Debug|Any CPU.ActiveCfg = Debug|Any CPU
		{74F05C93-B4CD-4F5F-B808-CC3C1F1859B7}.Debug|Any CPU.Build.0 = Debug|Any CPU
		{74F05C93-B4CD-4F5F-B808-CC3C1F1859B7}.Release|Any CPU.ActiveCfg = Release|Any CPU
		{74F05C93-B4CD-4F5F-B808-CC3C1F1859B7}.Release|Any CPU.Build.0 = Release|Any CPU
		{3B3086DB-66C3-4131-8369-464201A3247C}.Debug|Any CPU.ActiveCfg = Debug|Any CPU
		{3B3086DB-66C3-4131-8369-464201A3247C}.Debug|Any CPU.Build.0 = Debug|Any CPU
		{3B3086DB-66C3-4131-8369-464201A3247C}.Release|Any CPU.ActiveCfg = Release|Any CPU
		{3B3086DB-66C3-4131-8369-464201A3247C}.Release|Any CPU.Build.0 = Release|Any CPU
		{9DAE7BDC-BF8D-454B-BB52-A98B6805E01E}.Debug|Any CPU.ActiveCfg = Debug|Any CPU
		{9DAE7BDC-BF8D-454B-BB52-A98B6805E01E}.Debug|Any CPU.Build.0 = Debug|Any CPU
		{9DAE7BDC-BF8D-454B-BB52-A98B6805E01E}.Release|Any CPU.ActiveCfg = Release|Any CPU
		{9DAE7BDC-BF8D-454B-BB52-A98B6805E01E}.Release|Any CPU.Build.0 = Release|Any CPU
		{60D22664-E9DC-4F08-AE6A-67CB2817D5EF}.Debug|Any CPU.ActiveCfg = Debug|Any CPU
		{60D22664-E9DC-4F08-AE6A-67CB2817D5EF}.Debug|Any CPU.Build.0 = Debug|Any CPU
		{60D22664-E9DC-4F08-AE6A-67CB2817D5EF}.Release|Any CPU.ActiveCfg = Release|Any CPU
		{60D22664-E9DC-4F08-AE6A-67CB2817D5EF}.Release|Any CPU.Build.0 = Release|Any CPU
		{37129CA2-834A-4CD1-B203-2DF7EDAC8861}.Debug|Any CPU.ActiveCfg = Debug|Any CPU
		{37129CA2-834A-4CD1-B203-2DF7EDAC8861}.Debug|Any CPU.Build.0 = Debug|Any CPU
		{37129CA2-834A-4CD1-B203-2DF7EDAC8861}.Release|Any CPU.ActiveCfg = Release|Any CPU
		{37129CA2-834A-4CD1-B203-2DF7EDAC8861}.Release|Any CPU.Build.0 = Release|Any CPU
		{380FDEF2-7630-4CFB-A42D-031227720850}.Debug|Any CPU.ActiveCfg = Debug|Any CPU
		{380FDEF2-7630-4CFB-A42D-031227720850}.Debug|Any CPU.Build.0 = Debug|Any CPU
		{380FDEF2-7630-4CFB-A42D-031227720850}.Release|Any CPU.ActiveCfg = Release|Any CPU
		{380FDEF2-7630-4CFB-A42D-031227720850}.Release|Any CPU.Build.0 = Release|Any CPU
		{6D951C76-E03E-496F-BF17-09D29D9B09A2}.Debug|Any CPU.ActiveCfg = Debug|Any CPU
		{6D951C76-E03E-496F-BF17-09D29D9B09A2}.Debug|Any CPU.Build.0 = Debug|Any CPU
		{6D951C76-E03E-496F-BF17-09D29D9B09A2}.Release|Any CPU.ActiveCfg = Release|Any CPU
		{6D951C76-E03E-496F-BF17-09D29D9B09A2}.Release|Any CPU.Build.0 = Release|Any CPU
		{26D68484-A2DB-4632-B00A-F05D9565DD93}.Debug|Any CPU.ActiveCfg = Debug|Any CPU
		{26D68484-A2DB-4632-B00A-F05D9565DD93}.Debug|Any CPU.Build.0 = Debug|Any CPU
		{26D68484-A2DB-4632-B00A-F05D9565DD93}.Release|Any CPU.ActiveCfg = Release|Any CPU
		{26D68484-A2DB-4632-B00A-F05D9565DD93}.Release|Any CPU.Build.0 = Release|Any CPU
		{0A506A43-69E5-49CD-AB56-1ED146934092}.Debug|Any CPU.ActiveCfg = Debug|Any CPU
		{0A506A43-69E5-49CD-AB56-1ED146934092}.Debug|Any CPU.Build.0 = Debug|Any CPU
		{0A506A43-69E5-49CD-AB56-1ED146934092}.Release|Any CPU.ActiveCfg = Release|Any CPU
		{0A506A43-69E5-49CD-AB56-1ED146934092}.Release|Any CPU.Build.0 = Release|Any CPU
		{10E7771F-7750-4B72-A7DB-22A9B3CDE0F7}.Debug|Any CPU.ActiveCfg = Debug|Any CPU
		{10E7771F-7750-4B72-A7DB-22A9B3CDE0F7}.Debug|Any CPU.Build.0 = Debug|Any CPU
		{10E7771F-7750-4B72-A7DB-22A9B3CDE0F7}.Release|Any CPU.ActiveCfg = Release|Any CPU
		{10E7771F-7750-4B72-A7DB-22A9B3CDE0F7}.Release|Any CPU.Build.0 = Release|Any CPU
		{E166CB7D-6B12-4678-9670-D83DB2662B4B}.Debug|Any CPU.ActiveCfg = Debug|Any CPU
		{E166CB7D-6B12-4678-9670-D83DB2662B4B}.Debug|Any CPU.Build.0 = Debug|Any CPU
		{E166CB7D-6B12-4678-9670-D83DB2662B4B}.Release|Any CPU.ActiveCfg = Release|Any CPU
		{E166CB7D-6B12-4678-9670-D83DB2662B4B}.Release|Any CPU.Build.0 = Release|Any CPU
		{3369D73E-CCE1-4130-84CD-B62D85EA756E}.Debug|Any CPU.ActiveCfg = Debug|Any CPU
		{3369D73E-CCE1-4130-84CD-B62D85EA756E}.Debug|Any CPU.Build.0 = Debug|Any CPU
		{3369D73E-CCE1-4130-84CD-B62D85EA756E}.Release|Any CPU.ActiveCfg = Release|Any CPU
		{3369D73E-CCE1-4130-84CD-B62D85EA756E}.Release|Any CPU.Build.0 = Release|Any CPU
		{7A263AD4-8945-46C6-A2CC-AF063D191FB1}.Debug|Any CPU.ActiveCfg = Debug|Any CPU
		{7A263AD4-8945-46C6-A2CC-AF063D191FB1}.Debug|Any CPU.Build.0 = Debug|Any CPU
		{7A263AD4-8945-46C6-A2CC-AF063D191FB1}.Release|Any CPU.ActiveCfg = Release|Any CPU
		{7A263AD4-8945-46C6-A2CC-AF063D191FB1}.Release|Any CPU.Build.0 = Release|Any CPU
		{7406F16E-87ED-429A-B507-0673B4A138E4}.Debug|Any CPU.ActiveCfg = Debug|Any CPU
		{7406F16E-87ED-429A-B507-0673B4A138E4}.Debug|Any CPU.Build.0 = Debug|Any CPU
		{7406F16E-87ED-429A-B507-0673B4A138E4}.Release|Any CPU.ActiveCfg = Release|Any CPU
		{7406F16E-87ED-429A-B507-0673B4A138E4}.Release|Any CPU.Build.0 = Release|Any CPU
		{8CFB8051-B700-4406-86B5-7E3E47B1B512}.Debug|Any CPU.ActiveCfg = Debug|Any CPU
		{8CFB8051-B700-4406-86B5-7E3E47B1B512}.Debug|Any CPU.Build.0 = Debug|Any CPU
		{8CFB8051-B700-4406-86B5-7E3E47B1B512}.Release|Any CPU.ActiveCfg = Release|Any CPU
		{8CFB8051-B700-4406-86B5-7E3E47B1B512}.Release|Any CPU.Build.0 = Release|Any CPU
		{4994C93E-33FF-429C-80C3-DCAE2154E684}.Debug|Any CPU.ActiveCfg = Debug|Any CPU
		{4994C93E-33FF-429C-80C3-DCAE2154E684}.Debug|Any CPU.Build.0 = Debug|Any CPU
		{4994C93E-33FF-429C-80C3-DCAE2154E684}.Release|Any CPU.ActiveCfg = Release|Any CPU
		{4994C93E-33FF-429C-80C3-DCAE2154E684}.Release|Any CPU.Build.0 = Release|Any CPU
		{24F98DB0-FA49-4951-B0F4-CEC2CC198A9D}.Debug|Any CPU.ActiveCfg = Debug|Any CPU
		{24F98DB0-FA49-4951-B0F4-CEC2CC198A9D}.Debug|Any CPU.Build.0 = Debug|Any CPU
		{24F98DB0-FA49-4951-B0F4-CEC2CC198A9D}.Release|Any CPU.ActiveCfg = Release|Any CPU
		{24F98DB0-FA49-4951-B0F4-CEC2CC198A9D}.Release|Any CPU.Build.0 = Release|Any CPU
		{BFCB728E-CAD3-42D9-88E5-F65798999FFF}.Debug|Any CPU.ActiveCfg = Debug|Any CPU
		{BFCB728E-CAD3-42D9-88E5-F65798999FFF}.Debug|Any CPU.Build.0 = Debug|Any CPU
		{BFCB728E-CAD3-42D9-88E5-F65798999FFF}.Release|Any CPU.ActiveCfg = Release|Any CPU
		{BFCB728E-CAD3-42D9-88E5-F65798999FFF}.Release|Any CPU.Build.0 = Release|Any CPU
		{39504A42-F527-4419-BFD3-4751ACEB787D}.Debug|Any CPU.ActiveCfg = Debug|Any CPU
		{39504A42-F527-4419-BFD3-4751ACEB787D}.Debug|Any CPU.Build.0 = Debug|Any CPU
		{39504A42-F527-4419-BFD3-4751ACEB787D}.Release|Any CPU.ActiveCfg = Release|Any CPU
		{39504A42-F527-4419-BFD3-4751ACEB787D}.Release|Any CPU.Build.0 = Release|Any CPU
		{C9858106-433A-4D05-954C-698392B5CD8F}.Debug|Any CPU.ActiveCfg = Debug|Any CPU
		{C9858106-433A-4D05-954C-698392B5CD8F}.Debug|Any CPU.Build.0 = Debug|Any CPU
		{C9858106-433A-4D05-954C-698392B5CD8F}.Release|Any CPU.ActiveCfg = Release|Any CPU
		{C9858106-433A-4D05-954C-698392B5CD8F}.Release|Any CPU.Build.0 = Release|Any CPU
		{C7C5D2A6-3E92-4C85-B7B6-A220DF65F4D4}.Debug|Any CPU.ActiveCfg = Debug|Any CPU
		{C7C5D2A6-3E92-4C85-B7B6-A220DF65F4D4}.Debug|Any CPU.Build.0 = Debug|Any CPU
		{C7C5D2A6-3E92-4C85-B7B6-A220DF65F4D4}.Release|Any CPU.ActiveCfg = Release|Any CPU
		{C7C5D2A6-3E92-4C85-B7B6-A220DF65F4D4}.Release|Any CPU.Build.0 = Release|Any CPU
		{C3761F67-DE19-469A-821C-608F0745EF26}.Debug|Any CPU.ActiveCfg = Debug|Any CPU
		{C3761F67-DE19-469A-821C-608F0745EF26}.Debug|Any CPU.Build.0 = Debug|Any CPU
		{C3761F67-DE19-469A-821C-608F0745EF26}.Release|Any CPU.ActiveCfg = Release|Any CPU
		{C3761F67-DE19-469A-821C-608F0745EF26}.Release|Any CPU.Build.0 = Release|Any CPU
		{646CBC04-CB1A-44C2-B09D-59D9F3724088}.Debug|Any CPU.ActiveCfg = Debug|Any CPU
		{646CBC04-CB1A-44C2-B09D-59D9F3724088}.Debug|Any CPU.Build.0 = Debug|Any CPU
		{646CBC04-CB1A-44C2-B09D-59D9F3724088}.Release|Any CPU.ActiveCfg = Release|Any CPU
		{646CBC04-CB1A-44C2-B09D-59D9F3724088}.Release|Any CPU.Build.0 = Release|Any CPU
		{9238436F-7D40-4FE0-8BB1-5F8CAB0F1FA8}.Debug|Any CPU.ActiveCfg = Debug|Any CPU
		{9238436F-7D40-4FE0-8BB1-5F8CAB0F1FA8}.Debug|Any CPU.Build.0 = Debug|Any CPU
		{9238436F-7D40-4FE0-8BB1-5F8CAB0F1FA8}.Release|Any CPU.ActiveCfg = Release|Any CPU
		{9238436F-7D40-4FE0-8BB1-5F8CAB0F1FA8}.Release|Any CPU.Build.0 = Release|Any CPU
		{711E9E93-B465-429E-B0BA-B5100C43F5F3}.Debug|Any CPU.ActiveCfg = Debug|Any CPU
		{711E9E93-B465-429E-B0BA-B5100C43F5F3}.Debug|Any CPU.Build.0 = Debug|Any CPU
		{711E9E93-B465-429E-B0BA-B5100C43F5F3}.Release|Any CPU.ActiveCfg = Release|Any CPU
		{711E9E93-B465-429E-B0BA-B5100C43F5F3}.Release|Any CPU.Build.0 = Release|Any CPU
		{0038B220-4559-401D-87B4-0FB02660FCBE}.Debug|Any CPU.ActiveCfg = Debug|Any CPU
		{0038B220-4559-401D-87B4-0FB02660FCBE}.Debug|Any CPU.Build.0 = Debug|Any CPU
		{0038B220-4559-401D-87B4-0FB02660FCBE}.Release|Any CPU.ActiveCfg = Release|Any CPU
		{0038B220-4559-401D-87B4-0FB02660FCBE}.Release|Any CPU.Build.0 = Release|Any CPU
		{12CA355F-42FF-4B4B-9C60-B9DB3C733C93}.Debug|Any CPU.ActiveCfg = Debug|Any CPU
		{12CA355F-42FF-4B4B-9C60-B9DB3C733C93}.Debug|Any CPU.Build.0 = Debug|Any CPU
		{12CA355F-42FF-4B4B-9C60-B9DB3C733C93}.Release|Any CPU.ActiveCfg = Release|Any CPU
		{12CA355F-42FF-4B4B-9C60-B9DB3C733C93}.Release|Any CPU.Build.0 = Release|Any CPU
		{C09FD984-8968-420D-981B-E1C21D8C7175}.Debug|Any CPU.ActiveCfg = Debug|Any CPU
		{C09FD984-8968-420D-981B-E1C21D8C7175}.Debug|Any CPU.Build.0 = Debug|Any CPU
		{C09FD984-8968-420D-981B-E1C21D8C7175}.Release|Any CPU.ActiveCfg = Release|Any CPU
		{C09FD984-8968-420D-981B-E1C21D8C7175}.Release|Any CPU.Build.0 = Release|Any CPU
	EndGlobalSection
	GlobalSection(SolutionProperties) = preSolution
		HideSolutionNode = FALSE
	EndGlobalSection
	GlobalSection(ExtensibilityGlobals) = postSolution
		SolutionGuid = {751B98E4-FE11-4F42-A2E7-AAB67A44E7DD}
	EndGlobalSection
EndGlobal
