
Microsoft Visual Studio Solution File, Format Version 12.00
# Visual Studio Version 17
VisualStudioVersion = 17.13.35825.156
MinimumVisualStudioVersion = 10.0.40219.1
Project("{FAE04EC0-301F-11D3-BF4B-00C04F79EFBC}") = "ConsoleApp1", "D:\Csharp\ConsoleApp1\ConsoleApp1\ConsoleApp1.csproj", "{BD366B15-6169-4385-B5CF-A128703315C5}"
EndProject
Project("{FAE04EC0-301F-11D3-BF4B-00C04F79EFBC}") = "LS2", "D:\Csharp\ConsoleApp1\LS2\LS2.csproj", "{1C26CEA0-F098-4D2E-A2D1-4A61570D3B72}"
EndProject
Project("{FAE04EC0-301F-11D3-BF4B-00C04F79EFBC}") = "LS3", "D:\Csharp\ConsoleApp1\LS3\LS3.csproj", "{99BBD73A-1F87-40EF-97BE-FABE986D35BE}"
EndProject
Project("{FAE04EC0-301F-11D3-BF4B-00C04F79EFBC}") = "LS4", "D:\Csharp\ConsoleApp1\LS4\LS4.csproj", "{07444408-D805-466D-A34C-537B8A8E548F}"
EndProject
Project("{FAE04EC0-301F-11D3-BF4B-00C04F79EFBC}") = "LS5", "D:\Csharp\ConsoleApp1\LS5\LS5.csproj", "{D7E70E48-D0A7-4036-8AFF-58A99113087F}"
EndProject
Project("{FAE04EC0-301F-11D3-BF4B-00C04F79EFBC}") = "LS6", "D:\Csharp\ConsoleApp1\LS6\LS6.csproj", "{461C11A4-08AB-4E82-931E-925861F37CCC}"
EndProject
Project("{FAE04EC0-301F-11D3-BF4B-00C04F79EFBC}") = "LS7", "D:\Csharp\ConsoleApp1\LS7\LS7.csproj", "{44D44515-2708-4269-9CA2-A132DAA6378F}"
EndProject
Project("{FAE04EC0-301F-11D3-BF4B-00C04F79EFBC}") = "LS8", "D:\Csharp\ConsoleApp1\LS8\LS8.csproj", "{D5763477-E7B9-40E5-8405-9767FD1CE26D}"
EndProject
Project("{FAE04EC0-301F-11D3-BF4B-00C04F79EFBC}") = "LS9", "LS9\LS9.csproj", "{62F8F865-9851-4EFF-87FD-1CD3F2CA7936}"
EndProject
Project("{FAE04EC0-301F-11D3-BF4B-00C04F79EFBC}") = "LS10", "LS10\LS10.csproj", "{D87EE675-8F60-4C03-9699-4C4B38C0D2A7}"
EndProject
Global
	GlobalSection(SolutionConfigurationPlatforms) = preSolution
		Debug|Any CPU = Debug|Any CPU
		Release|Any CPU = Release|Any CPU
	EndGlobalSection
	GlobalSection(ProjectConfigurationPlatforms) = postSolution
		{BD366B15-6169-4385-B5CF-A128703315C5}.Debug|Any CPU.ActiveCfg = Debug|Any CPU
		{BD366B15-6169-4385-B5CF-A128703315C5}.Debug|Any CPU.Build.0 = Debug|Any CPU
		{BD366B15-6169-4385-B5CF-A128703315C5}.Release|Any CPU.ActiveCfg = Release|Any CPU
		{BD366B15-6169-4385-B5CF-A128703315C5}.Release|Any CPU.Build.0 = Release|Any CPU
		{1C26CEA0-F098-4D2E-A2D1-4A61570D3B72}.Debug|Any CPU.ActiveCfg = Debug|Any CPU
		{1C26CEA0-F098-4D2E-A2D1-4A61570D3B72}.Debug|Any CPU.Build.0 = Debug|Any CPU
		{1C26CEA0-F098-4D2E-A2D1-4A61570D3B72}.Release|Any CPU.ActiveCfg = Release|Any CPU
		{1C26CEA0-F098-4D2E-A2D1-4A61570D3B72}.Release|Any CPU.Build.0 = Release|Any CPU
		{99BBD73A-1F87-40EF-97BE-FABE986D35BE}.Debug|Any CPU.ActiveCfg = Debug|Any CPU
		{99BBD73A-1F87-40EF-97BE-FABE986D35BE}.Debug|Any CPU.Build.0 = Debug|Any CPU
		{99BBD73A-1F87-40EF-97BE-FABE986D35BE}.Release|Any CPU.ActiveCfg = Release|Any CPU
		{99BBD73A-1F87-40EF-97BE-FABE986D35BE}.Release|Any CPU.Build.0 = Release|Any CPU
		{07444408-D805-466D-A34C-537B8A8E548F}.Debug|Any CPU.ActiveCfg = Debug|Any CPU
		{07444408-D805-466D-A34C-537B8A8E548F}.Debug|Any CPU.Build.0 = Debug|Any CPU
		{07444408-D805-466D-A34C-537B8A8E548F}.Release|Any CPU.ActiveCfg = Release|Any CPU
		{07444408-D805-466D-A34C-537B8A8E548F}.Release|Any CPU.Build.0 = Release|Any CPU
		{D7E70E48-D0A7-4036-8AFF-58A99113087F}.Debug|Any CPU.ActiveCfg = Debug|Any CPU
		{D7E70E48-D0A7-4036-8AFF-58A99113087F}.Debug|Any CPU.Build.0 = Debug|Any CPU
		{D7E70E48-D0A7-4036-8AFF-58A99113087F}.Release|Any CPU.ActiveCfg = Release|Any CPU
		{D7E70E48-D0A7-4036-8AFF-58A99113087F}.Release|Any CPU.Build.0 = Release|Any CPU
		{461C11A4-08AB-4E82-931E-925861F37CCC}.Debug|Any CPU.ActiveCfg = Debug|Any CPU
		{461C11A4-08AB-4E82-931E-925861F37CCC}.Debug|Any CPU.Build.0 = Debug|Any CPU
		{461C11A4-08AB-4E82-931E-925861F37CCC}.Release|Any CPU.ActiveCfg = Release|Any CPU
		{461C11A4-08AB-4E82-931E-925861F37CCC}.Release|Any CPU.Build.0 = Release|Any CPU
		{44D44515-2708-4269-9CA2-A132DAA6378F}.Debug|Any CPU.ActiveCfg = Debug|Any CPU
		{44D44515-2708-4269-9CA2-A132DAA6378F}.Debug|Any CPU.Build.0 = Debug|Any CPU
		{44D44515-2708-4269-9CA2-A132DAA6378F}.Release|Any CPU.ActiveCfg = Release|Any CPU
		{44D44515-2708-4269-9CA2-A132DAA6378F}.Release|Any CPU.Build.0 = Release|Any CPU
		{D5763477-E7B9-40E5-8405-9767FD1CE26D}.Debug|Any CPU.ActiveCfg = Debug|Any CPU
		{D5763477-E7B9-40E5-8405-9767FD1CE26D}.Debug|Any CPU.Build.0 = Debug|Any CPU
		{D5763477-E7B9-40E5-8405-9767FD1CE26D}.Release|Any CPU.ActiveCfg = Release|Any CPU
		{D5763477-E7B9-40E5-8405-9767FD1CE26D}.Release|Any CPU.Build.0 = Release|Any CPU
		{62F8F865-9851-4EFF-87FD-1CD3F2CA7936}.Debug|Any CPU.ActiveCfg = Debug|Any CPU
		{62F8F865-9851-4EFF-87FD-1CD3F2CA7936}.Debug|Any CPU.Build.0 = Debug|Any CPU
		{62F8F865-9851-4EFF-87FD-1CD3F2CA7936}.Release|Any CPU.ActiveCfg = Release|Any CPU
		{62F8F865-9851-4EFF-87FD-1CD3F2CA7936}.Release|Any CPU.Build.0 = Release|Any CPU
		{D87EE675-8F60-4C03-9699-4C4B38C0D2A7}.Debug|Any CPU.ActiveCfg = Debug|Any CPU
		{D87EE675-8F60-4C03-9699-4C4B38C0D2A7}.Debug|Any CPU.Build.0 = Debug|Any CPU
		{D87EE675-8F60-4C03-9699-4C4B38C0D2A7}.Release|Any CPU.ActiveCfg = Release|Any CPU
		{D87EE675-8F60-4C03-9699-4C4B38C0D2A7}.Release|Any CPU.Build.0 = Release|Any CPU
	EndGlobalSection
	GlobalSection(SolutionProperties) = preSolution
		HideSolutionNode = FALSE
	EndGlobalSection
	GlobalSection(ExtensibilityGlobals) = postSolution
		SolutionGuid = {751B98E4-FE11-4F42-A2E7-AAB67A44E7DD}
	EndGlobalSection
EndGlobal
